
Microsoft Visual Studio Solution File, Format Version 12.00
# Visual Studio 2012
Project("{FAE04EC0-301F-11D3-BF4B-00C04F79EFBC}") = "MultiFive.Domain", "MultiFive.Domain\MultiFive.Domain.csproj", "{7FA5FBF0-F0AB-4CC7-B9B1-E3F2589C0320}"
EndProject
Project("{FAE04EC0-301F-11D3-BF4B-00C04F79EFBC}") = "MultiFive.Common", "MultiFive.Common\MultiFive.Common.csproj", "{5BD7774F-D711-4BF0-8AC5-7A10D6DA07FF}"
EndProject
Project("{FAE04EC0-301F-11D3-BF4B-00C04F79EFBC}") = "MultiFive.Web", "MultiFive.Web\MultiFive.Web.csproj", "{F683304E-A3BC-470B-9C5A-0400557A5D3A}"
EndProject
Project("{FAE04EC0-301F-11D3-BF4B-00C04F79EFBC}") = "MultiFive.Domain.Tests", "MultiFive.Domain.Tests\MultiFive.Domain.Tests.csproj", "{A3385A8D-CB99-4839-9D38-4A3AA29B576E}"
EndProject
Project("{FAE04EC0-301F-11D3-BF4B-00C04F79EFBC}") = "MultiFive.Common.Tests", "MultiFive.Common.Tests\MultiFive.Common.Tests.csproj", "{78A47FE6-25F8-45BE-8CBB-C07A0BD0F93B}"
EndProject
Project("{FAE04EC0-301F-11D3-BF4B-00C04F79EFBC}") = "MultiFive.Web.Tests", "MultiFive.Web.Tests\MultiFive.Web.Tests.csproj", "{3DBDD160-3DD5-4AF3-885A-CF01EC2345CC}"
EndProject
Project("{2150E333-8FDC-42A3-9474-1A3956D46DE8}") = ".nuget", ".nuget", "{2D621DD4-7315-43DA-BF04-92B49ABF0D0A}"
	ProjectSection(SolutionItems) = preProject
		.nuget\NuGet.Config = .nuget\NuGet.Config
		.nuget\NuGet.exe = .nuget\NuGet.exe
		.nuget\NuGet.targets = .nuget\NuGet.targets
	EndProjectSection
EndProject
Global
	GlobalSection(SolutionConfigurationPlatforms) = preSolution
		Debug|Any CPU = Debug|Any CPU
		Release|Any CPU = Release|Any CPU
	EndGlobalSection
	GlobalSection(ProjectConfigurationPlatforms) = postSolution
		{7FA5FBF0-F0AB-4CC7-B9B1-E3F2589C0320}.Debug|Any CPU.ActiveCfg = Debug|Any CPU
		{7FA5FBF0-F0AB-4CC7-B9B1-E3F2589C0320}.Debug|Any CPU.Build.0 = Debug|Any CPU
		{7FA5FBF0-F0AB-4CC7-B9B1-E3F2589C0320}.Release|Any CPU.ActiveCfg = Release|Any CPU
		{7FA5FBF0-F0AB-4CC7-B9B1-E3F2589C0320}.Release|Any CPU.Build.0 = Release|Any CPU
		{5BD7774F-D711-4BF0-8AC5-7A10D6DA07FF}.Debug|Any CPU.ActiveCfg = Debug|Any CPU
		{5BD7774F-D711-4BF0-8AC5-7A10D6DA07FF}.Debug|Any CPU.Build.0 = Debug|Any CPU
		{5BD7774F-D711-4BF0-8AC5-7A10D6DA07FF}.Release|Any CPU.ActiveCfg = Release|Any CPU
		{5BD7774F-D711-4BF0-8AC5-7A10D6DA07FF}.Release|Any CPU.Build.0 = Release|Any CPU
		{F683304E-A3BC-470B-9C5A-0400557A5D3A}.Debug|Any CPU.ActiveCfg = Debug|Any CPU
		{F683304E-A3BC-470B-9C5A-0400557A5D3A}.Debug|Any CPU.Build.0 = Debug|Any CPU
		{F683304E-A3BC-470B-9C5A-0400557A5D3A}.Release|Any CPU.ActiveCfg = Release|Any CPU
		{F683304E-A3BC-470B-9C5A-0400557A5D3A}.Release|Any CPU.Build.0 = Release|Any CPU
		{A3385A8D-CB99-4839-9D38-4A3AA29B576E}.Debug|Any CPU.ActiveCfg = Debug|Any CPU
		{A3385A8D-CB99-4839-9D38-4A3AA29B576E}.Debug|Any CPU.Build.0 = Debug|Any CPU
		{A3385A8D-CB99-4839-9D38-4A3AA29B576E}.Release|Any CPU.ActiveCfg = Release|Any CPU
		{A3385A8D-CB99-4839-9D38-4A3AA29B576E}.Release|Any CPU.Build.0 = Release|Any CPU
		{78A47FE6-25F8-45BE-8CBB-C07A0BD0F93B}.Debug|Any CPU.ActiveCfg = Debug|Any CPU
		{78A47FE6-25F8-45BE-8CBB-C07A0BD0F93B}.Debug|Any CPU.Build.0 = Debug|Any CPU
		{78A47FE6-25F8-45BE-8CBB-C07A0BD0F93B}.Release|Any CPU.ActiveCfg = Release|Any CPU
		{78A47FE6-25F8-45BE-8CBB-C07A0BD0F93B}.Release|Any CPU.Build.0 = Release|Any CPU
		{3DBDD160-3DD5-4AF3-885A-CF01EC2345CC}.Debug|Any CPU.ActiveCfg = Debug|Any CPU
		{3DBDD160-3DD5-4AF3-885A-CF01EC2345CC}.Debug|Any CPU.Build.0 = Debug|Any CPU
		{3DBDD160-3DD5-4AF3-885A-CF01EC2345CC}.Release|Any CPU.ActiveCfg = Release|Any CPU
		{3DBDD160-3DD5-4AF3-885A-CF01EC2345CC}.Release|Any CPU.Build.0 = Release|Any CPU
	EndGlobalSection
	GlobalSection(SolutionProperties) = preSolution
		HideSolutionNode = FALSE
	EndGlobalSection
EndGlobal
